
Microsoft Visual Studio Solution File, Format Version 12.00
# Visual Studio Version 17
VisualStudioVersion = 17.5.33414.496
MinimumVisualStudioVersion = 10.0.40219.1
Project("{FAE04EC0-301F-11D3-BF4B-00C04F79EFBC}") = "monteur-app", "monteur-app\monteur-app.csproj", "{2A89CA57-7AEF-48D7-A6EF-9919B14350CD}"
EndProject
Global
	GlobalSection(SolutionConfigurationPlatforms) = preSolution
		Debug|Any CPU = Debug|Any CPU
		Release|Any CPU = Release|Any CPU
	EndGlobalSection
	GlobalSection(ProjectConfigurationPlatforms) = postSolution
		{2A89CA57-7AEF-48D7-A6EF-9919B14350CD}.Debug|Any CPU.ActiveCfg = Debug|Any CPU
		{2A89CA57-7AEF-48D7-A6EF-9919B14350CD}.Debug|Any CPU.Build.0 = Debug|Any CPU
		{2A89CA57-7AEF-48D7-A6EF-9919B14350CD}.Release|Any CPU.ActiveCfg = Release|Any CPU
		{2A89CA57-7AEF-48D7-A6EF-9919B14350CD}.Release|Any CPU.Build.0 = Release|Any CPU
	EndGlobalSection
	GlobalSection(SolutionProperties) = preSolution
		HideSolutionNode = FALSE
	EndGlobalSection
	GlobalSection(ExtensibilityGlobals) = postSolution
		SolutionGuid = {5A3EA49E-0DF4-46F2-83CB-8CCDB3236744}
	EndGlobalSection
EndGlobal
